
Microsoft Visual Studio Solution File, Format Version 12.00
# Visual Studio Version 17
VisualStudioVersion = 17.11.35208.52
MinimumVisualStudioVersion = 10.0.40219.1
Project("{9A19103F-16F7-4668-BE54-9A1E7A4F7556}") = "WeatherNowWebApp", "WeatherNowWebApp.csproj", "{05CC960E-9566-4F59-B573-9450A010C18B}"
EndProject
Global
	GlobalSection(SolutionConfigurationPlatforms) = preSolution
		Debug|Any CPU = Debug|Any CPU
		Release|Any CPU = Release|Any CPU
	EndGlobalSection
	GlobalSection(ProjectConfigurationPlatforms) = postSolution
		{05CC960E-9566-4F59-B573-9450A010C18B}.Debug|Any CPU.ActiveCfg = Debug|Any CPU
		{05CC960E-9566-4F59-B573-9450A010C18B}.Debug|Any CPU.Build.0 = Debug|Any CPU
		{05CC960E-9566-4F59-B573-9450A010C18B}.Release|Any CPU.ActiveCfg = Release|Any CPU
		{05CC960E-9566-4F59-B573-9450A010C18B}.Release|Any CPU.Build.0 = Release|Any CPU
	EndGlobalSection
	GlobalSection(SolutionProperties) = preSolution
		HideSolutionNode = FALSE
	EndGlobalSection
	GlobalSection(ExtensibilityGlobals) = postSolution
		SolutionGuid = {93173ABC-035A-4A05-AA62-6B4049873EE7}
	EndGlobalSection
EndGlobal
